
Microsoft Visual Studio Solution File, Format Version 12.00
# Visual Studio Version 16
VisualStudioVersion = 16.0.31911.196
MinimumVisualStudioVersion = 10.0.40219.1
Project("{FAE04EC0-301F-11D3-BF4B-00C04F79EFBC}") = "MyWebApi", "MyWebApi\MyWebApi.csproj", "{C1BE111E-83AF-405E-8655-4D039B1D85BC}"
EndProject
Global
	GlobalSection(SolutionConfigurationPlatforms) = preSolution
		Debug|Any CPU = Debug|Any CPU
		Release|Any CPU = Release|Any CPU
	EndGlobalSection
	GlobalSection(ProjectConfigurationPlatforms) = postSolution
		{C1BE111E-83AF-405E-8655-4D039B1D85BC}.Debug|Any CPU.ActiveCfg = Debug|Any CPU
		{C1BE111E-83AF-405E-8655-4D039B1D85BC}.Debug|Any CPU.Build.0 = Debug|Any CPU
		{C1BE111E-83AF-405E-8655-4D039B1D85BC}.Release|Any CPU.ActiveCfg = Release|Any CPU
		{C1BE111E-83AF-405E-8655-4D039B1D85BC}.Release|Any CPU.Build.0 = Release|Any CPU
	EndGlobalSection
	GlobalSection(SolutionProperties) = preSolution
		HideSolutionNode = FALSE
	EndGlobalSection
	GlobalSection(ExtensibilityGlobals) = postSolution
		SolutionGuid = {E08CD2C7-D136-4709-9D39-3949B744F564}
	EndGlobalSection
EndGlobal
